// !$*UTF8*$!
{
	archiveVersion = 1;
	classes = {
	};
	objectVersion = 51;
	objects = {

/* Begin PBXBuildFile section */
		02BC27326BD08BBC1A290F38 /* Pods_Counter_CounterUITests.framework in Frameworks */ = {isa = PBXBuildFile; fileRef = AFC31C19CF81A15532DEDD13 /* Pods_Counter_CounterUITests.framework */; };
		3C53DBB698D8FAB664807BBE /* Pods_CounterTests.framework in Frameworks */ = {isa = PBXBuildFile; fileRef = 587454F8D03204502489AE3A /* Pods_CounterTests.framework */; };
		971BBD2225A8AC93009B7D12 /* IntroductionView.swift in Sources */ = {isa = PBXBuildFile; fileRef = 971BBD2125A8AC93009B7D12 /* IntroductionView.swift */; };
		971BBD2A25A8AF12009B7D12 /* InformationView.swift in Sources */ = {isa = PBXBuildFile; fileRef = 971BBD2925A8AF12009B7D12 /* InformationView.swift */; };
		971BBD2F25A8E6D9009B7D12 /* Tip.swift in Sources */ = {isa = PBXBuildFile; fileRef = 971BBD2E25A8E6D9009B7D12 /* Tip.swift */; };
		972683C625A1010200555532 /* NewItemView.swift in Sources */ = {isa = PBXBuildFile; fileRef = 972683C525A1010200555532 /* NewItemView.swift */; };
		972683D125A1022000555532 /* DarkenedViewBackground.swift in Sources */ = {isa = PBXBuildFile; fileRef = 972683D025A1022000555532 /* DarkenedViewBackground.swift */; };
		972B1253259E3AD500AB29F8 /* Item.swift in Sources */ = {isa = PBXBuildFile; fileRef = 972B1252259E3AD500AB29F8 /* Item.swift */; };
		972B1258259E3BBF00AB29F8 /* ItemView.swift in Sources */ = {isa = PBXBuildFile; fileRef = 972B1257259E3BBF00AB29F8 /* ItemView.swift */; };
		973433A925A2470D001696C0 /* ItemViewModel.swift in Sources */ = {isa = PBXBuildFile; fileRef = 973433A825A2470D001696C0 /* ItemViewModel.swift */; };
		9754A4BB25A2292A00BE4D9F /* Assets.swift in Sources */ = {isa = PBXBuildFile; fileRef = 9754A4BA25A2292A00BE4D9F /* Assets.swift */; };
		97A8F969259A75F100D0ED45 /* CounterApp.swift in Sources */ = {isa = PBXBuildFile; fileRef = 97A8F968259A75F100D0ED45 /* CounterApp.swift */; };
		97A8F96B259A75F100D0ED45 /* MainView.swift in Sources */ = {isa = PBXBuildFile; fileRef = 97A8F96A259A75F100D0ED45 /* MainView.swift */; };
		97A8F96D259A75F200D0ED45 /* Assets.xcassets in Resources */ = {isa = PBXBuildFile; fileRef = 97A8F96C259A75F200D0ED45 /* Assets.xcassets */; };
		97A8F970259A75F200D0ED45 /* Preview Assets.xcassets in Resources */ = {isa = PBXBuildFile; fileRef = 97A8F96F259A75F200D0ED45 /* Preview Assets.xcassets */; };
		97A8F97B259A75F300D0ED45 /* CounterTests.swift in Sources */ = {isa = PBXBuildFile; fileRef = 97A8F97A259A75F300D0ED45 /* CounterTests.swift */; };
		97A8F986259A75F300D0ED45 /* CounterUITests.swift in Sources */ = {isa = PBXBuildFile; fileRef = 97A8F985259A75F300D0ED45 /* CounterUITests.swift */; };
		B07DA118358251CE1A132CA3 /* Pods_Counter.framework in Frameworks */ = {isa = PBXBuildFile; fileRef = 0BD1709BE888C14942EEFF96 /* Pods_Counter.framework */; };
/* End PBXBuildFile section */

/* Begin PBXContainerItemProxy section */
		97A8F977259A75F300D0ED45 /* PBXContainerItemProxy */ = {
			isa = PBXContainerItemProxy;
			containerPortal = 97A8F95D259A75F000D0ED45 /* Project object */;
			proxyType = 1;
			remoteGlobalIDString = 97A8F964259A75F000D0ED45;
			remoteInfo = Counter;
		};
		97A8F982259A75F300D0ED45 /* PBXContainerItemProxy */ = {
			isa = PBXContainerItemProxy;
			containerPortal = 97A8F95D259A75F000D0ED45 /* Project object */;
			proxyType = 1;
			remoteGlobalIDString = 97A8F964259A75F000D0ED45;
			remoteInfo = Counter;
		};
/* End PBXContainerItemProxy section */

/* Begin PBXFileReference section */
		04C0C9BFB1044D9D5C5D7130 /* Pods-Counter.debug.xcconfig */ = {isa = PBXFileReference; includeInIndex = 1; lastKnownFileType = text.xcconfig; name = "Pods-Counter.debug.xcconfig"; path = "Target Support Files/Pods-Counter/Pods-Counter.debug.xcconfig"; sourceTree = "<group>"; };
		0721C91D07077191EE2DD3B4 /* Pods-Counter-CounterUITests.release.xcconfig */ = {isa = PBXFileReference; includeInIndex = 1; lastKnownFileType = text.xcconfig; name = "Pods-Counter-CounterUITests.release.xcconfig"; path = "Target Support Files/Pods-Counter-CounterUITests/Pods-Counter-CounterUITests.release.xcconfig"; sourceTree = "<group>"; };
		0BD1709BE888C14942EEFF96 /* Pods_Counter.framework */ = {isa = PBXFileReference; explicitFileType = wrapper.framework; includeInIndex = 0; path = Pods_Counter.framework; sourceTree = BUILT_PRODUCTS_DIR; };
		33573905751387A24B516113 /* Pods-CounterTests.release.xcconfig */ = {isa = PBXFileReference; includeInIndex = 1; lastKnownFileType = text.xcconfig; name = "Pods-CounterTests.release.xcconfig"; path = "Target Support Files/Pods-CounterTests/Pods-CounterTests.release.xcconfig"; sourceTree = "<group>"; };
		587454F8D03204502489AE3A /* Pods_CounterTests.framework */ = {isa = PBXFileReference; explicitFileType = wrapper.framework; includeInIndex = 0; path = Pods_CounterTests.framework; sourceTree = BUILT_PRODUCTS_DIR; };
		7EDFDE2DAE8282CF60F81E7A /* Pods-Counter-CounterUITests.debug.xcconfig */ = {isa = PBXFileReference; includeInIndex = 1; lastKnownFileType = text.xcconfig; name = "Pods-Counter-CounterUITests.debug.xcconfig"; path = "Target Support Files/Pods-Counter-CounterUITests/Pods-Counter-CounterUITests.debug.xcconfig"; sourceTree = "<group>"; };
		971BBD2125A8AC93009B7D12 /* IntroductionView.swift */ = {isa = PBXFileReference; lastKnownFileType = sourcecode.swift; path = IntroductionView.swift; sourceTree = "<group>"; };
		971BBD2925A8AF12009B7D12 /* InformationView.swift */ = {isa = PBXFileReference; lastKnownFileType = sourcecode.swift; path = InformationView.swift; sourceTree = "<group>"; };
		971BBD2E25A8E6D9009B7D12 /* Tip.swift */ = {isa = PBXFileReference; lastKnownFileType = sourcecode.swift; path = Tip.swift; sourceTree = "<group>"; };
		972683C525A1010200555532 /* NewItemView.swift */ = {isa = PBXFileReference; lastKnownFileType = sourcecode.swift; path = NewItemView.swift; sourceTree = "<group>"; };
		972683D025A1022000555532 /* DarkenedViewBackground.swift */ = {isa = PBXFileReference; lastKnownFileType = sourcecode.swift; path = DarkenedViewBackground.swift; sourceTree = "<group>"; };
		972B1252259E3AD500AB29F8 /* Item.swift */ = {isa = PBXFileReference; lastKnownFileType = sourcecode.swift; path = Item.swift; sourceTree = "<group>"; };
		972B1257259E3BBF00AB29F8 /* ItemView.swift */ = {isa = PBXFileReference; lastKnownFileType = sourcecode.swift; path = ItemView.swift; sourceTree = "<group>"; };
		973433A825A2470D001696C0 /* ItemViewModel.swift */ = {isa = PBXFileReference; lastKnownFileType = sourcecode.swift; path = ItemViewModel.swift; sourceTree = "<group>"; };
		9754A4BA25A2292A00BE4D9F /* Assets.swift */ = {isa = PBXFileReference; lastKnownFileType = sourcecode.swift; path = Assets.swift; sourceTree = "<group>"; };
		97A8F965259A75F000D0ED45 /* Counter.app */ = {isa = PBXFileReference; explicitFileType = wrapper.application; includeInIndex = 0; path = Counter.app; sourceTree = BUILT_PRODUCTS_DIR; };
		97A8F968259A75F100D0ED45 /* CounterApp.swift */ = {isa = PBXFileReference; lastKnownFileType = sourcecode.swift; path = CounterApp.swift; sourceTree = "<group>"; };
		97A8F96A259A75F100D0ED45 /* MainView.swift */ = {isa = PBXFileReference; lastKnownFileType = sourcecode.swift; path = MainView.swift; sourceTree = "<group>"; };
		97A8F96C259A75F200D0ED45 /* Assets.xcassets */ = {isa = PBXFileReference; lastKnownFileType = folder.assetcatalog; path = Assets.xcassets; sourceTree = "<group>"; };
		97A8F96F259A75F200D0ED45 /* Preview Assets.xcassets */ = {isa = PBXFileReference; lastKnownFileType = folder.assetcatalog; path = "Preview Assets.xcassets"; sourceTree = "<group>"; };
		97A8F971259A75F200D0ED45 /* Info.plist */ = {isa = PBXFileReference; lastKnownFileType = text.plist.xml; path = Info.plist; sourceTree = "<group>"; };
		97A8F976259A75F300D0ED45 /* CounterTests.xctest */ = {isa = PBXFileReference; explicitFileType = wrapper.cfbundle; includeInIndex = 0; path = CounterTests.xctest; sourceTree = BUILT_PRODUCTS_DIR; };
		97A8F97A259A75F300D0ED45 /* CounterTests.swift */ = {isa = PBXFileReference; lastKnownFileType = sourcecode.swift; path = CounterTests.swift; sourceTree = "<group>"; };
		97A8F97C259A75F300D0ED45 /* Info.plist */ = {isa = PBXFileReference; lastKnownFileType = text.plist.xml; path = Info.plist; sourceTree = "<group>"; };
		97A8F981259A75F300D0ED45 /* CounterUITests.xctest */ = {isa = PBXFileReference; explicitFileType = wrapper.cfbundle; includeInIndex = 0; path = CounterUITests.xctest; sourceTree = BUILT_PRODUCTS_DIR; };
		97A8F985259A75F300D0ED45 /* CounterUITests.swift */ = {isa = PBXFileReference; lastKnownFileType = sourcecode.swift; path = CounterUITests.swift; sourceTree = "<group>"; };
		97A8F987259A75F300D0ED45 /* Info.plist */ = {isa = PBXFileReference; lastKnownFileType = text.plist.xml; path = Info.plist; sourceTree = "<group>"; };
		AFC31C19CF81A15532DEDD13 /* Pods_Counter_CounterUITests.framework */ = {isa = PBXFileReference; explicitFileType = wrapper.framework; includeInIndex = 0; path = Pods_Counter_CounterUITests.framework; sourceTree = BUILT_PRODUCTS_DIR; };
		B7E4DA8B789B9D4ACD0256C5 /* Pods-Counter.release.xcconfig */ = {isa = PBXFileReference; includeInIndex = 1; lastKnownFileType = text.xcconfig; name = "Pods-Counter.release.xcconfig"; path = "Target Support Files/Pods-Counter/Pods-Counter.release.xcconfig"; sourceTree = "<group>"; };
		CD3190AC22C5E75A93107A5C /* Pods-CounterTests.debug.xcconfig */ = {isa = PBXFileReference; includeInIndex = 1; lastKnownFileType = text.xcconfig; name = "Pods-CounterTests.debug.xcconfig"; path = "Target Support Files/Pods-CounterTests/Pods-CounterTests.debug.xcconfig"; sourceTree = "<group>"; };
/* End PBXFileReference section */

/* Begin PBXFrameworksBuildPhase section */
		97A8F962259A75F000D0ED45 /* Frameworks */ = {
			isa = PBXFrameworksBuildPhase;
			buildActionMask = 2147483647;
			files = (
				B07DA118358251CE1A132CA3 /* Pods_Counter.framework in Frameworks */,
			);
			runOnlyForDeploymentPostprocessing = 0;
		};
		97A8F973259A75F300D0ED45 /* Frameworks */ = {
			isa = PBXFrameworksBuildPhase;
			buildActionMask = 2147483647;
			files = (
				3C53DBB698D8FAB664807BBE /* Pods_CounterTests.framework in Frameworks */,
			);
			runOnlyForDeploymentPostprocessing = 0;
		};
		97A8F97E259A75F300D0ED45 /* Frameworks */ = {
			isa = PBXFrameworksBuildPhase;
			buildActionMask = 2147483647;
			files = (
				02BC27326BD08BBC1A290F38 /* Pods_Counter_CounterUITests.framework in Frameworks */,
			);
			runOnlyForDeploymentPostprocessing = 0;
		};
/* End PBXFrameworksBuildPhase section */

/* Begin PBXGroup section */
		08D351C1C813A1BC10C639B3 /* Pods */ = {
			isa = PBXGroup;
			children = (
				04C0C9BFB1044D9D5C5D7130 /* Pods-Counter.debug.xcconfig */,
				B7E4DA8B789B9D4ACD0256C5 /* Pods-Counter.release.xcconfig */,
				7EDFDE2DAE8282CF60F81E7A /* Pods-Counter-CounterUITests.debug.xcconfig */,
				0721C91D07077191EE2DD3B4 /* Pods-Counter-CounterUITests.release.xcconfig */,
				CD3190AC22C5E75A93107A5C /* Pods-CounterTests.debug.xcconfig */,
				33573905751387A24B516113 /* Pods-CounterTests.release.xcconfig */,
			);
			path = Pods;
			sourceTree = "<group>";
		};
		971BBD2025A8AC73009B7D12 /* IntroductionView */ = {
			isa = PBXGroup;
			children = (
				971BBD2125A8AC93009B7D12 /* IntroductionView.swift */,
				971BBD2925A8AF12009B7D12 /* InformationView.swift */,
			);
			path = IntroductionView;
			sourceTree = "<group>";
		};
		972683C325A100C600555532 /* View */ = {
			isa = PBXGroup;
			children = (
				971BBD2025A8AC73009B7D12 /* IntroductionView */,
				97A8F96A259A75F100D0ED45 /* MainView.swift */,
				972B1257259E3BBF00AB29F8 /* ItemView.swift */,
				972683C525A1010200555532 /* NewItemView.swift */,
				972683D025A1022000555532 /* DarkenedViewBackground.swift */,
			);
			path = View;
			sourceTree = "<group>";
		};
		972683C425A100CB00555532 /* Model */ = {
			isa = PBXGroup;
			children = (
				972B1252259E3AD500AB29F8 /* Item.swift */,
				9754A4BA25A2292A00BE4D9F /* Assets.swift */,
				971BBD2E25A8E6D9009B7D12 /* Tip.swift */,
			);
			path = Model;
			sourceTree = "<group>";
		};
		973433AD25A24711001696C0 /* ViewModel */ = {
			isa = PBXGroup;
			children = (
				973433A825A2470D001696C0 /* ItemViewModel.swift */,
			);
			path = ViewModel;
			sourceTree = "<group>";
		};
		97A8F95C259A75F000D0ED45 = {
			isa = PBXGroup;
			children = (
				97A8F967259A75F000D0ED45 /* Counter */,
				97A8F979259A75F300D0ED45 /* CounterTests */,
				97A8F984259A75F300D0ED45 /* CounterUITests */,
				97A8F966259A75F000D0ED45 /* Products */,
				08D351C1C813A1BC10C639B3 /* Pods */,
				BE3E04A863D061C4B6665ABC /* Frameworks */,
			);
			sourceTree = "<group>";
		};
		97A8F966259A75F000D0ED45 /* Products */ = {
			isa = PBXGroup;
			children = (
				97A8F965259A75F000D0ED45 /* Counter.app */,
				97A8F976259A75F300D0ED45 /* CounterTests.xctest */,
				97A8F981259A75F300D0ED45 /* CounterUITests.xctest */,
			);
			name = Products;
			sourceTree = "<group>";
		};
		97A8F967259A75F000D0ED45 /* Counter */ = {
			isa = PBXGroup;
			children = (
				972683C325A100C600555532 /* View */,
				973433AD25A24711001696C0 /* ViewModel */,
				972683C425A100CB00555532 /* Model */,
				97A8F968259A75F100D0ED45 /* CounterApp.swift */,
				97A8F96C259A75F200D0ED45 /* Assets.xcassets */,
				97A8F971259A75F200D0ED45 /* Info.plist */,
				97A8F96E259A75F200D0ED45 /* Preview Content */,
			);
			path = Counter;
			sourceTree = "<group>";
		};
		97A8F96E259A75F200D0ED45 /* Preview Content */ = {
			isa = PBXGroup;
			children = (
				97A8F96F259A75F200D0ED45 /* Preview Assets.xcassets */,
			);
			path = "Preview Content";
			sourceTree = "<group>";
		};
		97A8F979259A75F300D0ED45 /* CounterTests */ = {
			isa = PBXGroup;
			children = (
				97A8F97A259A75F300D0ED45 /* CounterTests.swift */,
				97A8F97C259A75F300D0ED45 /* Info.plist */,
			);
			path = CounterTests;
			sourceTree = "<group>";
		};
		97A8F984259A75F300D0ED45 /* CounterUITests */ = {
			isa = PBXGroup;
			children = (
				97A8F985259A75F300D0ED45 /* CounterUITests.swift */,
				97A8F987259A75F300D0ED45 /* Info.plist */,
			);
			path = CounterUITests;
			sourceTree = "<group>";
		};
		BE3E04A863D061C4B6665ABC /* Frameworks */ = {
			isa = PBXGroup;
			children = (
				0BD1709BE888C14942EEFF96 /* Pods_Counter.framework */,
				AFC31C19CF81A15532DEDD13 /* Pods_Counter_CounterUITests.framework */,
				587454F8D03204502489AE3A /* Pods_CounterTests.framework */,
			);
			name = Frameworks;
			sourceTree = "<group>";
		};
/* End PBXGroup section */

/* Begin PBXNativeTarget section */
		97A8F964259A75F000D0ED45 /* Counter */ = {
			isa = PBXNativeTarget;
			buildConfigurationList = 97A8F98A259A75F300D0ED45 /* Build configuration list for PBXNativeTarget "Counter" */;
			buildPhases = (
				F9CE65338FE744663BB1505D /* [CP] Check Pods Manifest.lock */,
				97A8F961259A75F000D0ED45 /* Sources */,
				97A8F962259A75F000D0ED45 /* Frameworks */,
				97A8F963259A75F000D0ED45 /* Resources */,
				E4C8FD209950B1BF310566B5 /* [CP] Embed Pods Frameworks */,
			);
			buildRules = (
			);
			dependencies = (
			);
			name = Counter;
			productName = Counter;
			productReference = 97A8F965259A75F000D0ED45 /* Counter.app */;
			productType = "com.apple.product-type.application";
		};
		97A8F975259A75F300D0ED45 /* CounterTests */ = {
			isa = PBXNativeTarget;
			buildConfigurationList = 97A8F98D259A75F300D0ED45 /* Build configuration list for PBXNativeTarget "CounterTests" */;
			buildPhases = (
				13CC2933F3447B7EE012662B /* [CP] Check Pods Manifest.lock */,
				97A8F972259A75F300D0ED45 /* Sources */,
				97A8F973259A75F300D0ED45 /* Frameworks */,
				97A8F974259A75F300D0ED45 /* Resources */,
			);
			buildRules = (
			);
			dependencies = (
				97A8F978259A75F300D0ED45 /* PBXTargetDependency */,
			);
			name = CounterTests;
			productName = CounterTests;
			productReference = 97A8F976259A75F300D0ED45 /* CounterTests.xctest */;
			productType = "com.apple.product-type.bundle.unit-test";
		};
		97A8F980259A75F300D0ED45 /* CounterUITests */ = {
			isa = PBXNativeTarget;
			buildConfigurationList = 97A8F990259A75F300D0ED45 /* Build configuration list for PBXNativeTarget "CounterUITests" */;
			buildPhases = (
				5FE4BCA4EEC0EB0E65D02E52 /* [CP] Check Pods Manifest.lock */,
				97A8F97D259A75F300D0ED45 /* Sources */,
				97A8F97E259A75F300D0ED45 /* Frameworks */,
				97A8F97F259A75F300D0ED45 /* Resources */,
				2A97486237092252BA4F3FB6 /* [CP] Embed Pods Frameworks */,
			);
			buildRules = (
			);
			dependencies = (
				97A8F983259A75F300D0ED45 /* PBXTargetDependency */,
			);
			name = CounterUITests;
			productName = CounterUITests;
			productReference = 97A8F981259A75F300D0ED45 /* CounterUITests.xctest */;
			productType = "com.apple.product-type.bundle.ui-testing";
		};
/* End PBXNativeTarget section */

/* Begin PBXProject section */
		97A8F95D259A75F000D0ED45 /* Project object */ = {
			isa = PBXProject;
			attributes = {
				LastSwiftUpdateCheck = 1230;
				LastUpgradeCheck = 1230;
				TargetAttributes = {
					97A8F964259A75F000D0ED45 = {
						CreatedOnToolsVersion = 12.3;
					};
					97A8F975259A75F300D0ED45 = {
						CreatedOnToolsVersion = 12.3;
						TestTargetID = 97A8F964259A75F000D0ED45;
					};
					97A8F980259A75F300D0ED45 = {
						CreatedOnToolsVersion = 12.3;
						TestTargetID = 97A8F964259A75F000D0ED45;
					};
				};
			};
			buildConfigurationList = 97A8F960259A75F000D0ED45 /* Build configuration list for PBXProject "Counter" */;
			compatibilityVersion = "Xcode 9.3";
			developmentRegion = en;
			hasScannedForEncodings = 0;
			knownRegions = (
				en,
				Base,
			);
			mainGroup = 97A8F95C259A75F000D0ED45;
			productRefGroup = 97A8F966259A75F000D0ED45 /* Products */;
			projectDirPath = "";
			projectRoot = "";
			targets = (
				97A8F964259A75F000D0ED45 /* Counter */,
				97A8F975259A75F300D0ED45 /* CounterTests */,
				97A8F980259A75F300D0ED45 /* CounterUITests */,
			);
		};
/* End PBXProject section */

/* Begin PBXResourcesBuildPhase section */
		97A8F963259A75F000D0ED45 /* Resources */ = {
			isa = PBXResourcesBuildPhase;
			buildActionMask = 2147483647;
			files = (
				97A8F970259A75F200D0ED45 /* Preview Assets.xcassets in Resources */,
				97A8F96D259A75F200D0ED45 /* Assets.xcassets in Resources */,
			);
			runOnlyForDeploymentPostprocessing = 0;
		};
		97A8F974259A75F300D0ED45 /* Resources */ = {
			isa = PBXResourcesBuildPhase;
			buildActionMask = 2147483647;
			files = (
			);
			runOnlyForDeploymentPostprocessing = 0;
		};
		97A8F97F259A75F300D0ED45 /* Resources */ = {
			isa = PBXResourcesBuildPhase;
			buildActionMask = 2147483647;
			files = (
			);
			runOnlyForDeploymentPostprocessing = 0;
		};
/* End PBXResourcesBuildPhase section */

/* Begin PBXShellScriptBuildPhase section */
		13CC2933F3447B7EE012662B /* [CP] Check Pods Manifest.lock */ = {
			isa = PBXShellScriptBuildPhase;
			buildActionMask = 2147483647;
			files = (
			);
			inputFileListPaths = (
			);
			inputPaths = (
				"${PODS_PODFILE_DIR_PATH}/Podfile.lock",
				"${PODS_ROOT}/Manifest.lock",
			);
			name = "[CP] Check Pods Manifest.lock";
			outputFileListPaths = (
			);
			outputPaths = (
				"$(DERIVED_FILE_DIR)/Pods-CounterTests-checkManifestLockResult.txt",
			);
			runOnlyForDeploymentPostprocessing = 0;
			shellPath = /bin/sh;
			shellScript = "diff \"${PODS_PODFILE_DIR_PATH}/Podfile.lock\" \"${PODS_ROOT}/Manifest.lock\" > /dev/null\nif [ $? != 0 ] ; then\n    # print error to STDERR\n    echo \"error: The sandbox is not in sync with the Podfile.lock. Run 'pod install' or update your CocoaPods installation.\" >&2\n    exit 1\nfi\n# This output is used by Xcode 'outputs' to avoid re-running this script phase.\necho \"SUCCESS\" > \"${SCRIPT_OUTPUT_FILE_0}\"\n";
			showEnvVarsInLog = 0;
		};
		2A97486237092252BA4F3FB6 /* [CP] Embed Pods Frameworks */ = {
			isa = PBXShellScriptBuildPhase;
			buildActionMask = 2147483647;
			files = (
			);
			inputFileListPaths = (
				"${PODS_ROOT}/Target Support Files/Pods-Counter-CounterUITests/Pods-Counter-CounterUITests-frameworks-${CONFIGURATION}-input-files.xcfilelist",
			);
			name = "[CP] Embed Pods Frameworks";
			outputFileListPaths = (
				"${PODS_ROOT}/Target Support Files/Pods-Counter-CounterUITests/Pods-Counter-CounterUITests-frameworks-${CONFIGURATION}-output-files.xcfilelist",
			);
			runOnlyForDeploymentPostprocessing = 0;
			shellPath = /bin/sh;
			shellScript = "\"${PODS_ROOT}/Target Support Files/Pods-Counter-CounterUITests/Pods-Counter-CounterUITests-frameworks.sh\"\n";
			showEnvVarsInLog = 0;
		};
		5FE4BCA4EEC0EB0E65D02E52 /* [CP] Check Pods Manifest.lock */ = {
			isa = PBXShellScriptBuildPhase;
			buildActionMask = 2147483647;
			files = (
			);
			inputFileListPaths = (
			);
			inputPaths = (
				"${PODS_PODFILE_DIR_PATH}/Podfile.lock",
				"${PODS_ROOT}/Manifest.lock",
			);
			name = "[CP] Check Pods Manifest.lock";
			outputFileListPaths = (
			);
			outputPaths = (
				"$(DERIVED_FILE_DIR)/Pods-Counter-CounterUITests-checkManifestLockResult.txt",
			);
			runOnlyForDeploymentPostprocessing = 0;
			shellPath = /bin/sh;
			shellScript = "diff \"${PODS_PODFILE_DIR_PATH}/Podfile.lock\" \"${PODS_ROOT}/Manifest.lock\" > /dev/null\nif [ $? != 0 ] ; then\n    # print error to STDERR\n    echo \"error: The sandbox is not in sync with the Podfile.lock. Run 'pod install' or update your CocoaPods installation.\" >&2\n    exit 1\nfi\n# This output is used by Xcode 'outputs' to avoid re-running this script phase.\necho \"SUCCESS\" > \"${SCRIPT_OUTPUT_FILE_0}\"\n";
			showEnvVarsInLog = 0;
		};
		E4C8FD209950B1BF310566B5 /* [CP] Embed Pods Frameworks */ = {
			isa = PBXShellScriptBuildPhase;
			buildActionMask = 2147483647;
			files = (
			);
			inputFileListPaths = (
				"${PODS_ROOT}/Target Support Files/Pods-Counter/Pods-Counter-frameworks-${CONFIGURATION}-input-files.xcfilelist",
			);
			name = "[CP] Embed Pods Frameworks";
			outputFileListPaths = (
				"${PODS_ROOT}/Target Support Files/Pods-Counter/Pods-Counter-frameworks-${CONFIGURATION}-output-files.xcfilelist",
			);
			runOnlyForDeploymentPostprocessing = 0;
			shellPath = /bin/sh;
			shellScript = "\"${PODS_ROOT}/Target Support Files/Pods-Counter/Pods-Counter-frameworks.sh\"\n";
			showEnvVarsInLog = 0;
		};
		F9CE65338FE744663BB1505D /* [CP] Check Pods Manifest.lock */ = {
			isa = PBXShellScriptBuildPhase;
			buildActionMask = 2147483647;
			files = (
			);
			inputFileListPaths = (
			);
			inputPaths = (
				"${PODS_PODFILE_DIR_PATH}/Podfile.lock",
				"${PODS_ROOT}/Manifest.lock",
			);
			name = "[CP] Check Pods Manifest.lock";
			outputFileListPaths = (
			);
			outputPaths = (
				"$(DERIVED_FILE_DIR)/Pods-Counter-checkManifestLockResult.txt",
			);
			runOnlyForDeploymentPostprocessing = 0;
			shellPath = /bin/sh;
			shellScript = "diff \"${PODS_PODFILE_DIR_PATH}/Podfile.lock\" \"${PODS_ROOT}/Manifest.lock\" > /dev/null\nif [ $? != 0 ] ; then\n    # print error to STDERR\n    echo \"error: The sandbox is not in sync with the Podfile.lock. Run 'pod install' or update your CocoaPods installation.\" >&2\n    exit 1\nfi\n# This output is used by Xcode 'outputs' to avoid re-running this script phase.\necho \"SUCCESS\" > \"${SCRIPT_OUTPUT_FILE_0}\"\n";
			showEnvVarsInLog = 0;
		};
/* End PBXShellScriptBuildPhase section */

/* Begin PBXSourcesBuildPhase section */
		97A8F961259A75F000D0ED45 /* Sources */ = {
			isa = PBXSourcesBuildPhase;
			buildActionMask = 2147483647;
			files = (
				972683C625A1010200555532 /* NewItemView.swift in Sources */,
				971BBD2F25A8E6D9009B7D12 /* Tip.swift in Sources */,
				973433A925A2470D001696C0 /* ItemViewModel.swift in Sources */,
				9754A4BB25A2292A00BE4D9F /* Assets.swift in Sources */,
				97A8F96B259A75F100D0ED45 /* MainView.swift in Sources */,
				972683D125A1022000555532 /* DarkenedViewBackground.swift in Sources */,
				971BBD2A25A8AF12009B7D12 /* InformationView.swift in Sources */,
				972B1253259E3AD500AB29F8 /* Item.swift in Sources */,
				97A8F969259A75F100D0ED45 /* CounterApp.swift in Sources */,
				971BBD2225A8AC93009B7D12 /* IntroductionView.swift in Sources */,
				972B1258259E3BBF00AB29F8 /* ItemView.swift in Sources */,
			);
			runOnlyForDeploymentPostprocessing = 0;
		};
		97A8F972259A75F300D0ED45 /* Sources */ = {
			isa = PBXSourcesBuildPhase;
			buildActionMask = 2147483647;
			files = (
				97A8F97B259A75F300D0ED45 /* CounterTests.swift in Sources */,
			);
			runOnlyForDeploymentPostprocessing = 0;
		};
		97A8F97D259A75F300D0ED45 /* Sources */ = {
			isa = PBXSourcesBuildPhase;
			buildActionMask = 2147483647;
			files = (
				97A8F986259A75F300D0ED45 /* CounterUITests.swift in Sources */,
			);
			runOnlyForDeploymentPostprocessing = 0;
		};
/* End PBXSourcesBuildPhase section */

/* Begin PBXTargetDependency section */
		97A8F978259A75F300D0ED45 /* PBXTargetDependency */ = {
			isa = PBXTargetDependency;
			target = 97A8F964259A75F000D0ED45 /* Counter */;
			targetProxy = 97A8F977259A75F300D0ED45 /* PBXContainerItemProxy */;
		};
		97A8F983259A75F300D0ED45 /* PBXTargetDependency */ = {
			isa = PBXTargetDependency;
			target = 97A8F964259A75F000D0ED45 /* Counter */;
			targetProxy = 97A8F982259A75F300D0ED45 /* PBXContainerItemProxy */;
		};
/* End PBXTargetDependency section */

/* Begin XCBuildConfiguration section */
		97A8F988259A75F300D0ED45 /* Debug */ = {
			isa = XCBuildConfiguration;
			buildSettings = {
				ALWAYS_SEARCH_USER_PATHS = NO;
				CLANG_ANALYZER_NONNULL = YES;
				CLANG_ANALYZER_NUMBER_OBJECT_CONVERSION = YES_AGGRESSIVE;
				CLANG_CXX_LANGUAGE_STANDARD = "gnu++14";
				CLANG_CXX_LIBRARY = "libc++";
				CLANG_ENABLE_MODULES = YES;
				CLANG_ENABLE_OBJC_ARC = YES;
				CLANG_ENABLE_OBJC_WEAK = YES;
				CLANG_WARN_BLOCK_CAPTURE_AUTORELEASING = YES;
				CLANG_WARN_BOOL_CONVERSION = YES;
				CLANG_WARN_COMMA = YES;
				CLANG_WARN_CONSTANT_CONVERSION = YES;
				CLANG_WARN_DEPRECATED_OBJC_IMPLEMENTATIONS = YES;
				CLANG_WARN_DIRECT_OBJC_ISA_USAGE = YES_ERROR;
				CLANG_WARN_DOCUMENTATION_COMMENTS = YES;
				CLANG_WARN_EMPTY_BODY = YES;
				CLANG_WARN_ENUM_CONVERSION = YES;
				CLANG_WARN_INFINITE_RECURSION = YES;
				CLANG_WARN_INT_CONVERSION = YES;
				CLANG_WARN_NON_LITERAL_NULL_CONVERSION = YES;
				CLANG_WARN_OBJC_IMPLICIT_RETAIN_SELF = YES;
				CLANG_WARN_OBJC_LITERAL_CONVERSION = YES;
				CLANG_WARN_OBJC_ROOT_CLASS = YES_ERROR;
				CLANG_WARN_QUOTED_INCLUDE_IN_FRAMEWORK_HEADER = YES;
				CLANG_WARN_RANGE_LOOP_ANALYSIS = YES;
				CLANG_WARN_STRICT_PROTOTYPES = YES;
				CLANG_WARN_SUSPICIOUS_MOVE = YES;
				CLANG_WARN_UNGUARDED_AVAILABILITY = YES_AGGRESSIVE;
				CLANG_WARN_UNREACHABLE_CODE = YES;
				CLANG_WARN__DUPLICATE_METHOD_MATCH = YES;
				COPY_PHASE_STRIP = NO;
				DEBUG_INFORMATION_FORMAT = dwarf;
				ENABLE_STRICT_OBJC_MSGSEND = YES;
				ENABLE_TESTABILITY = YES;
				GCC_C_LANGUAGE_STANDARD = gnu11;
				GCC_DYNAMIC_NO_PIC = NO;
				GCC_NO_COMMON_BLOCKS = YES;
				GCC_OPTIMIZATION_LEVEL = 0;
				GCC_PREPROCESSOR_DEFINITIONS = (
					"DEBUG=1",
					"$(inherited)",
				);
				GCC_WARN_64_TO_32_BIT_CONVERSION = YES;
				GCC_WARN_ABOUT_RETURN_TYPE = YES_ERROR;
				GCC_WARN_UNDECLARED_SELECTOR = YES;
				GCC_WARN_UNINITIALIZED_AUTOS = YES_AGGRESSIVE;
				GCC_WARN_UNUSED_FUNCTION = YES;
				GCC_WARN_UNUSED_VARIABLE = YES;
				IPHONEOS_DEPLOYMENT_TARGET = 14.3;
				MTL_ENABLE_DEBUG_INFO = INCLUDE_SOURCE;
				MTL_FAST_MATH = YES;
				ONLY_ACTIVE_ARCH = YES;
				SDKROOT = iphoneos;
				SWIFT_ACTIVE_COMPILATION_CONDITIONS = DEBUG;
				SWIFT_OPTIMIZATION_LEVEL = "-Onone";
			};
			name = Debug;
		};
		97A8F989259A75F300D0ED45 /* Release */ = {
			isa = XCBuildConfiguration;
			buildSettings = {
				ALWAYS_SEARCH_USER_PATHS = NO;
				CLANG_ANALYZER_NONNULL = YES;
				CLANG_ANALYZER_NUMBER_OBJECT_CONVERSION = YES_AGGRESSIVE;
				CLANG_CXX_LANGUAGE_STANDARD = "gnu++14";
				CLANG_CXX_LIBRARY = "libc++";
				CLANG_ENABLE_MODULES = YES;
				CLANG_ENABLE_OBJC_ARC = YES;
				CLANG_ENABLE_OBJC_WEAK = YES;
				CLANG_WARN_BLOCK_CAPTURE_AUTORELEASING = YES;
				CLANG_WARN_BOOL_CONVERSION = YES;
				CLANG_WARN_COMMA = YES;
				CLANG_WARN_CONSTANT_CONVERSION = YES;
				CLANG_WARN_DEPRECATED_OBJC_IMPLEMENTATIONS = YES;
				CLANG_WARN_DIRECT_OBJC_ISA_USAGE = YES_ERROR;
				CLANG_WARN_DOCUMENTATION_COMMENTS = YES;
				CLANG_WARN_EMPTY_BODY = YES;
				CLANG_WARN_ENUM_CONVERSION = YES;
				CLANG_WARN_INFINITE_RECURSION = YES;
				CLANG_WARN_INT_CONVERSION = YES;
				CLANG_WARN_NON_LITERAL_NULL_CONVERSION = YES;
				CLANG_WARN_OBJC_IMPLICIT_RETAIN_SELF = YES;
				CLANG_WARN_OBJC_LITERAL_CONVERSION = YES;
				CLANG_WARN_OBJC_ROOT_CLASS = YES_ERROR;
				CLANG_WARN_QUOTED_INCLUDE_IN_FRAMEWORK_HEADER = YES;
				CLANG_WARN_RANGE_LOOP_ANALYSIS = YES;
				CLANG_WARN_STRICT_PROTOTYPES = YES;
				CLANG_WARN_SUSPICIOUS_MOVE = YES;
				CLANG_WARN_UNGUARDED_AVAILABILITY = YES_AGGRESSIVE;
				CLANG_WARN_UNREACHABLE_CODE = YES;
				CLANG_WARN__DUPLICATE_METHOD_MATCH = YES;
				COPY_PHASE_STRIP = NO;
				DEBUG_INFORMATION_FORMAT = "dwarf-with-dsym";
				ENABLE_NS_ASSERTIONS = NO;
				ENABLE_STRICT_OBJC_MSGSEND = YES;
				GCC_C_LANGUAGE_STANDARD = gnu11;
				GCC_NO_COMMON_BLOCKS = YES;
				GCC_WARN_64_TO_32_BIT_CONVERSION = YES;
				GCC_WARN_ABOUT_RETURN_TYPE = YES_ERROR;
				GCC_WARN_UNDECLARED_SELECTOR = YES;
				GCC_WARN_UNINITIALIZED_AUTOS = YES_AGGRESSIVE;
				GCC_WARN_UNUSED_FUNCTION = YES;
				GCC_WARN_UNUSED_VARIABLE = YES;
				IPHONEOS_DEPLOYMENT_TARGET = 14.3;
				MTL_ENABLE_DEBUG_INFO = NO;
				MTL_FAST_MATH = YES;
				SDKROOT = iphoneos;
				SWIFT_COMPILATION_MODE = wholemodule;
				SWIFT_OPTIMIZATION_LEVEL = "-O";
				VALIDATE_PRODUCT = YES;
			};
			name = Release;
		};
		97A8F98B259A75F300D0ED45 /* Debug */ = {
			isa = XCBuildConfiguration;
			baseConfigurationReference = 04C0C9BFB1044D9D5C5D7130 /* Pods-Counter.debug.xcconfig */;
			buildSettings = {
				ASSETCATALOG_COMPILER_APPICON_NAME = AppIcon;
				ASSETCATALOG_COMPILER_GLOBAL_ACCENT_COLOR_NAME = AccentColor;
				CODE_SIGN_STYLE = Automatic;
				DEVELOPMENT_ASSET_PATHS = "\"Counter/Preview Content\"";
				DEVELOPMENT_TEAM = BA3UK3CGCZ;
				ENABLE_PREVIEWS = YES;
				INFOPLIST_FILE = Counter/Info.plist;
				IPHONEOS_DEPLOYMENT_TARGET = 14.0;
				LD_RUNPATH_SEARCH_PATHS = (
					"$(inherited)",
					"@executable_path/Frameworks",
				);
				PRODUCT_BUNDLE_IDENTIFIER = com.gBaranowski.Counter;
				PRODUCT_NAME = "$(TARGET_NAME)";
				SWIFT_VERSION = 5.0;
				TARGETED_DEVICE_FAMILY = "1,2";
			};
			name = Debug;
		};
		97A8F98C259A75F300D0ED45 /* Release */ = {
			isa = XCBuildConfiguration;
			baseConfigurationReference = B7E4DA8B789B9D4ACD0256C5 /* Pods-Counter.release.xcconfig */;
			buildSettings = {
				ASSETCATALOG_COMPILER_APPICON_NAME = AppIcon;
				ASSETCATALOG_COMPILER_GLOBAL_ACCENT_COLOR_NAME = AccentColor;
				CODE_SIGN_STYLE = Automatic;
				DEVELOPMENT_ASSET_PATHS = "\"Counter/Preview Content\"";
				DEVELOPMENT_TEAM = BA3UK3CGCZ;
				ENABLE_PREVIEWS = YES;
				INFOPLIST_FILE = Counter/Info.plist;
				IPHONEOS_DEPLOYMENT_TARGET = 14.0;
				LD_RUNPATH_SEARCH_PATHS = (
					"$(inherited)",
					"@executable_path/Frameworks",
				);
				PRODUCT_BUNDLE_IDENTIFIER = com.gBaranowski.Counter;
				PRODUCT_NAME = "$(TARGET_NAME)";
				SWIFT_VERSION = 5.0;
				TARGETED_DEVICE_FAMILY = "1,2";
			};
			name = Release;
		};
		97A8F98E259A75F300D0ED45 /* Debug */ = {
			isa = XCBuildConfiguration;
			baseConfigurationReference = CD3190AC22C5E75A93107A5C /* Pods-CounterTests.debug.xcconfig */;
			buildSettings = {
				ALWAYS_EMBED_SWIFT_STANDARD_LIBRARIES = YES;
				BUNDLE_LOADER = "$(TEST_HOST)";
				CODE_SIGN_STYLE = Automatic;
				DEVELOPMENT_TEAM = BA3UK3CGCZ;
				INFOPLIST_FILE = CounterTests/Info.plist;
				IPHONEOS_DEPLOYMENT_TARGET = 14.0;
				LD_RUNPATH_SEARCH_PATHS = (
					"$(inherited)",
					"@executable_path/Frameworks",
					"@loader_path/Frameworks",
				);
				PRODUCT_BUNDLE_IDENTIFIER = com.gBaranowski.CounterTests;
				PRODUCT_NAME = "$(TARGET_NAME)";
				SWIFT_VERSION = 5.0;
				TARGETED_DEVICE_FAMILY = "1,2";
				TEST_HOST = "$(BUILT_PRODUCTS_DIR)/Counter.app/Counter";
			};
			name = Debug;
		};
		97A8F98F259A75F300D0ED45 /* Release */ = {
			isa = XCBuildConfiguration;
			baseConfigurationReference = 33573905751387A24B516113 /* Pods-CounterTests.release.xcconfig */;
			buildSettings = {
				ALWAYS_EMBED_SWIFT_STANDARD_LIBRARIES = YES;
				BUNDLE_LOADER = "$(TEST_HOST)";
				CODE_SIGN_STYLE = Automatic;
				DEVELOPMENT_TEAM = BA3UK3CGCZ;
				INFOPLIST_FILE = CounterTests/Info.plist;
				IPHONEOS_DEPLOYMENT_TARGET = 14.0;
				LD_RUNPATH_SEARCH_PATHS = (
					"$(inherited)",
					"@executable_path/Frameworks",
					"@loader_path/Frameworks",
				);
				PRODUCT_BUNDLE_IDENTIFIER = com.gBaranowski.CounterTests;
				PRODUCT_NAME = "$(TARGET_NAME)";
				SWIFT_VERSION = 5.0;
				TARGETED_DEVICE_FAMILY = "1,2";
				TEST_HOST = "$(BUILT_PRODUCTS_DIR)/Counter.app/Counter";
			};
			name = Release;
		};
		97A8F991259A75F300D0ED45 /* Debug */ = {
			isa = XCBuildConfiguration;
			baseConfigurationReference = 7EDFDE2DAE8282CF60F81E7A /* Pods-Counter-CounterUITests.debug.xcconfig */;
			buildSettings = {
				ALWAYS_EMBED_SWIFT_STANDARD_LIBRARIES = YES;
				CODE_SIGN_STYLE = Automatic;
				DEVELOPMENT_TEAM = BA3UK3CGCZ;
				INFOPLIST_FILE = CounterUITests/Info.plist;
				LD_RUNPATH_SEARCH_PATHS = (
					"$(inherited)",
					"@executable_path/Frameworks",
					"@loader_path/Frameworks",
				);
				PRODUCT_BUNDLE_IDENTIFIER = com.gBaranowski.CounterUITests;
				PRODUCT_NAME = "$(TARGET_NAME)";
				SWIFT_VERSION = 5.0;
				TARGETED_DEVICE_FAMILY = "1,2";
				TEST_TARGET_NAME = Counter;
			};
			name = Debug;
		};
		97A8F992259A75F300D0ED45 /* Release */ = {
			isa = XCBuildConfiguration;
			baseConfigurationReference = 0721C91D07077191EE2DD3B4 /* Pods-Counter-CounterUITests.release.xcconfig */;
			buildSettings = {
				ALWAYS_EMBED_SWIFT_STANDARD_LIBRARIES = YES;
				CODE_SIGN_STYLE = Automatic;
				DEVELOPMENT_TEAM = BA3UK3CGCZ;
				INFOPLIST_FILE = CounterUITests/Info.plist;
				LD_RUNPATH_SEARCH_PATHS = (
					"$(inherited)",
					"@executable_path/Frameworks",
					"@loader_path/Frameworks",
				);
				PRODUCT_BUNDLE_IDENTIFIER = com.gBaranowski.CounterUITests;
				PRODUCT_NAME = "$(TARGET_NAME)";
				SWIFT_VERSION = 5.0;
				TARGETED_DEVICE_FAMILY = "1,2";
				TEST_TARGET_NAME = Counter;
			};
			name = Release;
		};
/* End XCBuildConfiguration section */

/* Begin XCConfigurationList section */
		97A8F960259A75F000D0ED45 /* Build configuration list for PBXProject "Counter" */ = {
			isa = XCConfigurationList;
			buildConfigurations = (
				97A8F988259A75F300D0ED45 /* Debug */,
				97A8F989259A75F300D0ED45 /* Release */,
			);
			defaultConfigurationIsVisible = 0;
			defaultConfigurationName = Release;
		};
		97A8F98A259A75F300D0ED45 /* Build configuration list for PBXNativeTarget "Counter" */ = {
			isa = XCConfigurationList;
			buildConfigurations = (
				97A8F98B259A75F300D0ED45 /* Debug */,
				97A8F98C259A75F300D0ED45 /* Release */,
			);
			defaultConfigurationIsVisible = 0;
			defaultConfigurationName = Release;
		};
		97A8F98D259A75F300D0ED45 /* Build configuration list for PBXNativeTarget "CounterTests" */ = {
			isa = XCConfigurationList;
			buildConfigurations = (
				97A8F98E259A75F300D0ED45 /* Debug */,
				97A8F98F259A75F300D0ED45 /* Release */,
			);
			defaultConfigurationIsVisible = 0;
			defaultConfigurationName = Release;
		};
		97A8F990259A75F300D0ED45 /* Build configuration list for PBXNativeTarget "CounterUITests" */ = {
			isa = XCConfigurationList;
			buildConfigurations = (
				97A8F991259A75F300D0ED45 /* Debug */,
				97A8F992259A75F300D0ED45 /* Release */,
			);
			defaultConfigurationIsVisible = 0;
			defaultConfigurationName = Release;
		};
/* End XCConfigurationList section */
	};
	rootObject = 97A8F95D259A75F000D0ED45 /* Project object */;
}
